
Microsoft Visual Studio Solution File, Format Version 12.00
# Visual Studio Version 17
VisualStudioVersion = 17.8.34525.116
MinimumVisualStudioVersion = 10.0.40219.1
Project("{9A19103F-16F7-4668-BE54-9A1E7A4F7556}") = "CompanyEmployees", "ComanyEmployees\CompanyEmployees.csproj", "{654F55F1-61F2-4869-970C-EDE9CBF7513F}"
EndProject
Project("{9A19103F-16F7-4668-BE54-9A1E7A4F7556}") = "Contracts", "Contracts\Contracts.csproj", "{83E52E48-1D77-40CC-829F-EC6A7D137105}"
EndProject
Project("{9A19103F-16F7-4668-BE54-9A1E7A4F7556}") = "LoggerService", "LoggerService\LoggerService.csproj", "{17182A46-72D2-4288-B957-E93EA8AF6B23}"
EndProject
Project("{9A19103F-16F7-4668-BE54-9A1E7A4F7556}") = "Entities", "Entities\Entities.csproj", "{7844DD68-99AB-4CBF-96DB-D43B61938805}"
EndProject
Project("{9A19103F-16F7-4668-BE54-9A1E7A4F7556}") = "Repository", "Repository\Repository.csproj", "{478F6DE6-942B-4E55-8072-1AD42881DE07}"
EndProject
Project("{9A19103F-16F7-4668-BE54-9A1E7A4F7556}") = "Service.Contracts", "Service.Contracts\Service.Contracts.csproj", "{E9FAE0D3-EC6F-4D4F-8662-EC912133A2D3}"
EndProject
Project("{9A19103F-16F7-4668-BE54-9A1E7A4F7556}") = "Service", "Service\Service.csproj", "{6F03D664-46F5-4F6B-99B7-46D68C8D4EA5}"
EndProject
Project("{FAE04EC0-301F-11D3-BF4B-00C04F79EFBC}") = "CompanyEmployees.Presentation", "CompanyEmployees.Presentation\CompanyEmployees.Presentation.csproj", "{661C6056-0B16-4868-8CFA-49AD22D78E63}"
EndProject
Global
	GlobalSection(SolutionConfigurationPlatforms) = preSolution
		Debug|Any CPU = Debug|Any CPU
		Release|Any CPU = Release|Any CPU
	EndGlobalSection
	GlobalSection(ProjectConfigurationPlatforms) = postSolution
		{654F55F1-61F2-4869-970C-EDE9CBF7513F}.Debug|Any CPU.ActiveCfg = Debug|Any CPU
		{654F55F1-61F2-4869-970C-EDE9CBF7513F}.Debug|Any CPU.Build.0 = Debug|Any CPU
		{654F55F1-61F2-4869-970C-EDE9CBF7513F}.Release|Any CPU.ActiveCfg = Release|Any CPU
		{654F55F1-61F2-4869-970C-EDE9CBF7513F}.Release|Any CPU.Build.0 = Release|Any CPU
		{83E52E48-1D77-40CC-829F-EC6A7D137105}.Debug|Any CPU.ActiveCfg = Debug|Any CPU
		{83E52E48-1D77-40CC-829F-EC6A7D137105}.Debug|Any CPU.Build.0 = Debug|Any CPU
		{83E52E48-1D77-40CC-829F-EC6A7D137105}.Release|Any CPU.ActiveCfg = Release|Any CPU
		{83E52E48-1D77-40CC-829F-EC6A7D137105}.Release|Any CPU.Build.0 = Release|Any CPU
		{17182A46-72D2-4288-B957-E93EA8AF6B23}.Debug|Any CPU.ActiveCfg = Debug|Any CPU
		{17182A46-72D2-4288-B957-E93EA8AF6B23}.Debug|Any CPU.Build.0 = Debug|Any CPU
		{17182A46-72D2-4288-B957-E93EA8AF6B23}.Release|Any CPU.ActiveCfg = Release|Any CPU
		{17182A46-72D2-4288-B957-E93EA8AF6B23}.Release|Any CPU.Build.0 = Release|Any CPU
		{7844DD68-99AB-4CBF-96DB-D43B61938805}.Debug|Any CPU.ActiveCfg = Debug|Any CPU
		{7844DD68-99AB-4CBF-96DB-D43B61938805}.Debug|Any CPU.Build.0 = Debug|Any CPU
		{7844DD68-99AB-4CBF-96DB-D43B61938805}.Release|Any CPU.ActiveCfg = Release|Any CPU
		{7844DD68-99AB-4CBF-96DB-D43B61938805}.Release|Any CPU.Build.0 = Release|Any CPU
		{478F6DE6-942B-4E55-8072-1AD42881DE07}.Debug|Any CPU.ActiveCfg = Debug|Any CPU
		{478F6DE6-942B-4E55-8072-1AD42881DE07}.Debug|Any CPU.Build.0 = Debug|Any CPU
		{478F6DE6-942B-4E55-8072-1AD42881DE07}.Release|Any CPU.ActiveCfg = Release|Any CPU
		{478F6DE6-942B-4E55-8072-1AD42881DE07}.Release|Any CPU.Build.0 = Release|Any CPU
		{E9FAE0D3-EC6F-4D4F-8662-EC912133A2D3}.Debug|Any CPU.ActiveCfg = Debug|Any CPU
		{E9FAE0D3-EC6F-4D4F-8662-EC912133A2D3}.Debug|Any CPU.Build.0 = Debug|Any CPU
		{E9FAE0D3-EC6F-4D4F-8662-EC912133A2D3}.Release|Any CPU.ActiveCfg = Release|Any CPU
		{E9FAE0D3-EC6F-4D4F-8662-EC912133A2D3}.Release|Any CPU.Build.0 = Release|Any CPU
		{6F03D664-46F5-4F6B-99B7-46D68C8D4EA5}.Debug|Any CPU.ActiveCfg = Debug|Any CPU
		{6F03D664-46F5-4F6B-99B7-46D68C8D4EA5}.Debug|Any CPU.Build.0 = Debug|Any CPU
		{6F03D664-46F5-4F6B-99B7-46D68C8D4EA5}.Release|Any CPU.ActiveCfg = Release|Any CPU
		{6F03D664-46F5-4F6B-99B7-46D68C8D4EA5}.Release|Any CPU.Build.0 = Release|Any CPU
		{661C6056-0B16-4868-8CFA-49AD22D78E63}.Debug|Any CPU.ActiveCfg = Debug|Any CPU
		{661C6056-0B16-4868-8CFA-49AD22D78E63}.Debug|Any CPU.Build.0 = Debug|Any CPU
		{661C6056-0B16-4868-8CFA-49AD22D78E63}.Release|Any CPU.ActiveCfg = Release|Any CPU
		{661C6056-0B16-4868-8CFA-49AD22D78E63}.Release|Any CPU.Build.0 = Release|Any CPU
	EndGlobalSection
	GlobalSection(SolutionProperties) = preSolution
		HideSolutionNode = FALSE
	EndGlobalSection
	GlobalSection(ExtensibilityGlobals) = postSolution
		SolutionGuid = {DB7EA8A4-3189-499F-AD6A-8756DBA29B17}
	EndGlobalSection
EndGlobal
